// !$*UTF8*$!
{
	archiveVersion = 1;
	classes = {
	};
	objectVersion = 48;
	objects = {

/* Begin PBXBuildFile section */
		D965244B1F8F3F2F00E65E6C /* AppDelegate.swift in Sources */ = {isa = PBXBuildFile; fileRef = D965244A1F8F3F2F00E65E6C /* AppDelegate.swift */; };
		D965244D1F8F3F2F00E65E6C /* ViewController.swift in Sources */ = {isa = PBXBuildFile; fileRef = D965244C1F8F3F2F00E65E6C /* ViewController.swift */; };
		D96524521F8F3F2F00E65E6C /* Assets.xcassets in Resources */ = {isa = PBXBuildFile; fileRef = D96524511F8F3F2F00E65E6C /* Assets.xcassets */; };
		D96524551F8F3F3000E65E6C /* LaunchScreen.storyboard in Resources */ = {isa = PBXBuildFile; fileRef = D96524531F8F3F2F00E65E6C /* LaunchScreen.storyboard */; };
		D965245D1F8F3F8E00E65E6C /* SidebarView.swift in Sources */ = {isa = PBXBuildFile; fileRef = D965245C1F8F3F8E00E65E6C /* SidebarView.swift */; };
		D965245F1F8F43BA00E65E6C /* EditProfileVC.swift in Sources */ = {isa = PBXBuildFile; fileRef = D965245E1F8F43BA00E65E6C /* EditProfileVC.swift */; };
/* End PBXBuildFile section */

/* Begin PBXFileReference section */
		D96524471F8F3F2F00E65E6C /* mySidebar2.app */ = {isa = PBXFileReference; explicitFileType = wrapper.application; includeInIndex = 0; path = mySidebar2.app; sourceTree = BUILT_PRODUCTS_DIR; };
		D965244A1F8F3F2F00E65E6C /* AppDelegate.swift */ = {isa = PBXFileReference; lastKnownFileType = sourcecode.swift; path = AppDelegate.swift; sourceTree = "<group>"; };
		D965244C1F8F3F2F00E65E6C /* ViewController.swift */ = {isa = PBXFileReference; lastKnownFileType = sourcecode.swift; path = ViewController.swift; sourceTree = "<group>"; };
		D96524511F8F3F2F00E65E6C /* Assets.xcassets */ = {isa = PBXFileReference; lastKnownFileType = folder.assetcatalog; path = Assets.xcassets; sourceTree = "<group>"; };
		D96524541F8F3F3000E65E6C /* Base */ = {isa = PBXFileReference; lastKnownFileType = file.storyboard; name = Base; path = Base.lproj/LaunchScreen.storyboard; sourceTree = "<group>"; };
		D96524561F8F3F3000E65E6C /* Info.plist */ = {isa = PBXFileReference; lastKnownFileType = text.plist.xml; path = Info.plist; sourceTree = "<group>"; };
		D965245C1F8F3F8E00E65E6C /* SidebarView.swift */ = {isa = PBXFileReference; lastKnownFileType = sourcecode.swift; path = SidebarView.swift; sourceTree = "<group>"; };
		D965245E1F8F43BA00E65E6C /* EditProfileVC.swift */ = {isa = PBXFileReference; lastKnownFileType = sourcecode.swift; path = EditProfileVC.swift; sourceTree = "<group>"; };
/* End PBXFileReference section */

/* Begin PBXFrameworksBuildPhase section */
		D96524441F8F3F2F00E65E6C /* Frameworks */ = {
			isa = PBXFrameworksBuildPhase;
			buildActionMask = 2147483647;
			files = (
			);
			runOnlyForDeploymentPostprocessing = 0;
		};
/* End PBXFrameworksBuildPhase section */

/* Begin PBXGroup section */
		D965243E1F8F3F2F00E65E6C = {
			isa = PBXGroup;
			children = (
				D96524491F8F3F2F00E65E6C /* mySidebar2 */,
				D96524481F8F3F2F00E65E6C /* Products */,
			);
			sourceTree = "<group>";
		};
		D96524481F8F3F2F00E65E6C /* Products */ = {
			isa = PBXGroup;
			children = (
				D96524471F8F3F2F00E65E6C /* mySidebar2.app */,
			);
			name = Products;
			sourceTree = "<group>";
		};
		D96524491F8F3F2F00E65E6C /* mySidebar2 */ = {
			isa = PBXGroup;
			children = (
				D965244A1F8F3F2F00E65E6C /* AppDelegate.swift */,
				D965244C1F8F3F2F00E65E6C /* ViewController.swift */,
				D965245C1F8F3F8E00E65E6C /* SidebarView.swift */,
				D965245E1F8F43BA00E65E6C /* EditProfileVC.swift */,
				D96524511F8F3F2F00E65E6C /* Assets.xcassets */,
				D96524531F8F3F2F00E65E6C /* LaunchScreen.storyboard */,
				D96524561F8F3F3000E65E6C /* Info.plist */,
			);
			path = mySidebar2;
			sourceTree = "<group>";
		};
/* End PBXGroup section */

/* Begin PBXNativeTarget section */
		D96524461F8F3F2F00E65E6C /* mySidebar2 */ = {
			isa = PBXNativeTarget;
			buildConfigurationList = D96524591F8F3F3000E65E6C /* Build configuration list for PBXNativeTarget "mySidebar2" */;
			buildPhases = (
				D96524431F8F3F2F00E65E6C /* Sources */,
				D96524441F8F3F2F00E65E6C /* Frameworks */,
				D96524451F8F3F2F00E65E6C /* Resources */,
			);
			buildRules = (
			);
			dependencies = (
			);
			name = mySidebar2;
			productName = mySidebar2;
			productReference = D96524471F8F3F2F00E65E6C /* mySidebar2.app */;
			productType = "com.apple.product-type.application";
		};
/* End PBXNativeTarget section */

/* Begin PBXProject section */
		D965243F1F8F3F2F00E65E6C /* Project object */ = {
			isa = PBXProject;
			attributes = {
				LastSwiftUpdateCheck = 0900;
				LastUpgradeCheck = 0900;
				ORGANIZATIONNAME = akhil;
				TargetAttributes = {
					D96524461F8F3F2F00E65E6C = {
						CreatedOnToolsVersion = 9.0;
						ProvisioningStyle = Automatic;
					};
				};
			};
			buildConfigurationList = D96524421F8F3F2F00E65E6C /* Build configuration list for PBXProject "mySidebar2" */;
			compatibilityVersion = "Xcode 8.0";
			developmentRegion = en;
			hasScannedForEncodings = 0;
			knownRegions = (
				en,
				Base,
			);
			mainGroup = D965243E1F8F3F2F00E65E6C;
			productRefGroup = D96524481F8F3F2F00E65E6C /* Products */;
			projectDirPath = "";
			projectRoot = "";
			targets = (
				D96524461F8F3F2F00E65E6C /* mySidebar2 */,
			);
		};
/* End PBXProject section */

/* Begin PBXResourcesBuildPhase section */
		D96524451F8F3F2F00E65E6C /* Resources */ = {
			isa = PBXResourcesBuildPhase;
			buildActionMask = 2147483647;
			files = (
				D96524551F8F3F3000E65E6C /* LaunchScreen.storyboard in Resources */,
				D96524521F8F3F2F00E65E6C /* Assets.xcassets in Resources */,
			);
			runOnlyForDeploymentPostprocessing = 0;
		};
/* End PBXResourcesBuildPhase section */

/* Begin PBXSourcesBuildPhase section */
		D96524431F8F3F2F00E65E6C /* Sources */ = {
			isa = PBXSourcesBuildPhase;
			buildActionMask = 2147483647;
			files = (
				D965244D1F8F3F2F00E65E6C /* ViewController.swift in Sources */,
				D965245D1F8F3F8E00E65E6C /* SidebarView.swift in Sources */,
				D965245F1F8F43BA00E65E6C /* EditProfileVC.swift in Sources */,
				D965244B1F8F3F2F00E65E6C /* AppDelegate.swift in Sources */,
			);
			runOnlyForDeploymentPostprocessing = 0;
		};
/* End PBXSourcesBuildPhase section */

/* Begin PBXVariantGroup section */
		D96524531F8F3F2F00E65E6C /* LaunchScreen.storyboard */ = {
			isa = PBXVariantGroup;
			children = (
				D96524541F8F3F3000E65E6C /* Base */,
			);
			name = LaunchScreen.storyboard;
			sourceTree = "<group>";
		};
/* End PBXVariantGroup section */

/* Begin XCBuildConfiguration section */
		D96524571F8F3F3000E65E6C /* Debug */ = {
			isa = XCBuildConfiguration;
			buildSettings = {
				ALWAYS_SEARCH_USER_PATHS = NO;
				CLANG_ANALYZER_NONNULL = YES;
				CLANG_ANALYZER_NUMBER_OBJECT_CONVERSION = YES_AGGRESSIVE;
				CLANG_CXX_LANGUAGE_STANDARD = "gnu++14";
				CLANG_CXX_LIBRARY = "libc++";
				CLANG_ENABLE_MODULES = YES;
				CLANG_ENABLE_OBJC_ARC = YES;
				CLANG_WARN_BLOCK_CAPTURE_AUTORELEASING = YES;
				CLANG_WARN_BOOL_CONVERSION = YES;
				CLANG_WARN_COMMA = YES;
				CLANG_WARN_CONSTANT_CONVERSION = YES;
				CLANG_WARN_DIRECT_OBJC_ISA_USAGE = YES_ERROR;
				CLANG_WARN_DOCUMENTATION_COMMENTS = YES;
				CLANG_WARN_EMPTY_BODY = YES;
				CLANG_WARN_ENUM_CONVERSION = YES;
				CLANG_WARN_INFINITE_RECURSION = YES;
				CLANG_WARN_INT_CONVERSION = YES;
				CLANG_WARN_NON_LITERAL_NULL_CONVERSION = YES;
				CLANG_WARN_OBJC_LITERAL_CONVERSION = YES;
				CLANG_WARN_OBJC_ROOT_CLASS = YES_ERROR;
				CLANG_WARN_RANGE_LOOP_ANALYSIS = YES;
				CLANG_WARN_STRICT_PROTOTYPES = YES;
				CLANG_WARN_SUSPICIOUS_MOVE = YES;
				CLANG_WARN_UNGUARDED_AVAILABILITY = YES_AGGRESSIVE;
				CLANG_WARN_UNREACHABLE_CODE = YES;
				CLANG_WARN__DUPLICATE_METHOD_MATCH = YES;
				CODE_SIGN_IDENTITY = "iPhone Developer";
				COPY_PHASE_STRIP = NO;
				DEBUG_INFORMATION_FORMAT = dwarf;
				ENABLE_STRICT_OBJC_MSGSEND = YES;
				ENABLE_TESTABILITY = YES;
				GCC_C_LANGUAGE_STANDARD = gnu11;
				GCC_DYNAMIC_NO_PIC = NO;
				GCC_NO_COMMON_BLOCKS = YES;
				GCC_OPTIMIZATION_LEVEL = 0;
				GCC_PREPROCESSOR_DEFINITIONS = (
					"DEBUG=1",
					"$(inherited)",
				);
				GCC_WARN_64_TO_32_BIT_CONVERSION = YES;
				GCC_WARN_ABOUT_RETURN_TYPE = YES_ERROR;
				GCC_WARN_UNDECLARED_SELECTOR = YES;
				GCC_WARN_UNINITIALIZED_AUTOS = YES_AGGRESSIVE;
				GCC_WARN_UNUSED_FUNCTION = YES;
				GCC_WARN_UNUSED_VARIABLE = YES;
				IPHONEOS_DEPLOYMENT_TARGET = 11.0;
				MTL_ENABLE_DEBUG_INFO = YES;
				ONLY_ACTIVE_ARCH = YES;
				SDKROOT = iphoneos;
				SWIFT_ACTIVE_COMPILATION_CONDITIONS = DEBUG;
				SWIFT_OPTIMIZATION_LEVEL = "-Onone";
			};
			name = Debug;
		};
		D96524581F8F3F3000E65E6C /* Release */ = {
			isa = XCBuildConfiguration;
			buildSettings = {
				ALWAYS_SEARCH_USER_PATHS = NO;
				CLANG_ANALYZER_NONNULL = YES;
				CLANG_ANALYZER_NUMBER_OBJECT_CONVERSION = YES_AGGRESSIVE;
				CLANG_CXX_LANGUAGE_STANDARD = "gnu++14";
				CLANG_CXX_LIBRARY = "libc++";
				CLANG_ENABLE_MODULES = YES;
				CLANG_ENABLE_OBJC_ARC = YES;
				CLANG_WARN_BLOCK_CAPTURE_AUTORELEASING = YES;
				CLANG_WARN_BOOL_CONVERSION = YES;
				CLANG_WARN_COMMA = YES;
				CLANG_WARN_CONSTANT_CONVERSION = YES;
				CLANG_WARN_DIRECT_OBJC_ISA_USAGE = YES_ERROR;
				CLANG_WARN_DOCUMENTATION_COMMENTS = YES;
				CLANG_WARN_EMPTY_BODY = YES;
				CLANG_WARN_ENUM_CONVERSION = YES;
				CLANG_WARN_INFINITE_RECURSION = YES;
				CLANG_WARN_INT_CONVERSION = YES;
				CLANG_WARN_NON_LITERAL_NULL_CONVERSION = YES;
				CLANG_WARN_OBJC_LITERAL_CONVERSION = YES;
				CLANG_WARN_OBJC_ROOT_CLASS = YES_ERROR;
				CLANG_WARN_RANGE_LOOP_ANALYSIS = YES;
				CLANG_WARN_STRICT_PROTOTYPES = YES;
				CLANG_WARN_SUSPICIOUS_MOVE = YES;
				CLANG_WARN_UNGUARDED_AVAILABILITY = YES_AGGRESSIVE;
				CLANG_WARN_UNREACHABLE_CODE = YES;
				CLANG_WARN__DUPLICATE_METHOD_MATCH = YES;
				CODE_SIGN_IDENTITY = "iPhone Developer";
				COPY_PHASE_STRIP = NO;
				DEBUG_INFORMATION_FORMAT = "dwarf-with-dsym";
				ENABLE_NS_ASSERTIONS = NO;
				ENABLE_STRICT_OBJC_MSGSEND = YES;
				GCC_C_LANGUAGE_STANDARD = gnu11;
				GCC_NO_COMMON_BLOCKS = YES;
				GCC_WARN_64_TO_32_BIT_CONVERSION = YES;
				GCC_WARN_ABOUT_RETURN_TYPE = YES_ERROR;
				GCC_WARN_UNDECLARED_SELECTOR = YES;
				GCC_WARN_UNINITIALIZED_AUTOS = YES_AGGRESSIVE;
				GCC_WARN_UNUSED_FUNCTION = YES;
				GCC_WARN_UNUSED_VARIABLE = YES;
				IPHONEOS_DEPLOYMENT_TARGET = 11.0;
				MTL_ENABLE_DEBUG_INFO = NO;
				SDKROOT = iphoneos;
				SWIFT_OPTIMIZATION_LEVEL = "-Owholemodule";
				VALIDATE_PRODUCT = YES;
			};
			name = Release;
		};
		D965245A1F8F3F3000E65E6C /* Debug */ = {
			isa = XCBuildConfiguration;
			buildSettings = {
				ASSETCATALOG_COMPILER_APPICON_NAME = AppIcon;
				CODE_SIGN_STYLE = Automatic;
				INFOPLIST_FILE = mySidebar2/Info.plist;
				LD_RUNPATH_SEARCH_PATHS = "$(inherited) @executable_path/Frameworks";
				PRODUCT_BUNDLE_IDENTIFIER = com.akhil.mySidebar2;
				PRODUCT_NAME = "$(TARGET_NAME)";
				SWIFT_VERSION = 4.0;
				TARGETED_DEVICE_FAMILY = "1,2";
			};
			name = Debug;
		};
		D965245B1F8F3F3000E65E6C /* Release */ = {
			isa = XCBuildConfiguration;
			buildSettings = {
				ASSETCATALOG_COMPILER_APPICON_NAME = AppIcon;
				CODE_SIGN_STYLE = Automatic;
				INFOPLIST_FILE = mySidebar2/Info.plist;
				LD_RUNPATH_SEARCH_PATHS = "$(inherited) @executable_path/Frameworks";
				PRODUCT_BUNDLE_IDENTIFIER = com.akhil.mySidebar2;
				PRODUCT_NAME = "$(TARGET_NAME)";
				SWIFT_VERSION = 4.0;
				TARGETED_DEVICE_FAMILY = "1,2";
			};
			name = Release;
		};
/* End XCBuildConfiguration section */

/* Begin XCConfigurationList section */
		D96524421F8F3F2F00E65E6C /* Build configuration list for PBXProject "mySidebar2" */ = {
			isa = XCConfigurationList;
			buildConfigurations = (
				D96524571F8F3F3000E65E6C /* Debug */,
				D96524581F8F3F3000E65E6C /* Release */,
			);
			defaultConfigurationIsVisible = 0;
			defaultConfigurationName = Release;
		};
		D96524591F8F3F3000E65E6C /* Build configuration list for PBXNativeTarget "mySidebar2" */ = {
			isa = XCConfigurationList;
			buildConfigurations = (
				D965245A1F8F3F3000E65E6C /* Debug */,
				D965245B1F8F3F3000E65E6C /* Release */,
			);
			defaultConfigurationIsVisible = 0;
			defaultConfigurationName = Release;
		};
/* End XCConfigurationList section */
	};
	rootObject = D965243F1F8F3F2F00E65E6C /* Project object */;
}
